
Microsoft Visual Studio Solution File, Format Version 12.00
# Visual Studio Version 17
VisualStudioVersion = 17.11.35312.102
MinimumVisualStudioVersion = 10.0.40219.1
Project("{2150E333-8FDC-42A3-9474-1A3956D46DE8}") = "task0", "task0", "{0E153D29-25B7-4BED-BA14-44DAB3A6F5C4}"
EndProject
Project("{FAE04EC0-301F-11D3-BF4B-00C04F79EFBC}") = "tyuiu.kordonkd.sprint0.task0.v0", "tyuiu.kordonkd.sprint0.task0.v0\tyuiu.kordonkd.sprint0.task0.v0.csproj", "{C1BA9774-497D-4271-9704-BC18EE10DCA4}"
EndProject
Project("{2150E333-8FDC-42A3-9474-1A3956D46DE8}") = "task1", "task1", "{C97111E6-759C-436D-9F82-951562E27219}"
EndProject
Project("{FAE04EC0-301F-11D3-BF4B-00C04F79EFBC}") = "tyuiu.kordonkd.sprint0.task1.v0", "tyuiu.kordonkd.sprint0.task1.v0\tyuiu.kordonkd.sprint0.task1.v0.csproj", "{E1FAEE84-71F6-4AE2-A0FB-5FF68CEDE017}"
EndProject
Project("{2150E333-8FDC-42A3-9474-1A3956D46DE8}") = "task2", "task2", "{9A0F572A-B99A-40AA-A4DD-70135105240D}"
EndProject
Project("{FAE04EC0-301F-11D3-BF4B-00C04F79EFBC}") = "tyuiu.kordonnkd.sprint0.task2.v0", "tyuiu.kordonnkd.sprint0.task2.v0\tyuiu.kordonnkd.sprint0.task2.v0.csproj", "{7A3D1827-F5FE-4B05-9FFE-00011E04C8BC}"
EndProject
Project("{FAE04EC0-301F-11D3-BF4B-00C04F79EFBC}") = "tyuiu.kordonkd.sprint0.task2.v0.lib", "tyuiu.kordonkd.sprint0.task2.v0.lib\tyuiu.kordonkd.sprint0.task2.v0.lib.csproj", "{552FA080-8140-4C7D-BDD9-27FDCA82BC9E}"
EndProject
Project("{FAE04EC0-301F-11D3-BF4B-00C04F79EFBC}") = "tyuiu.kordonkd.sprint0.task2.v0.test", "tyuiu.kordonkd.sprint0.task2.v0.test\tyuiu.kordonkd.sprint0.task2.v0.test.csproj", "{226C6D49-339C-4E16-A3B5-6D876BBB2DB8}"
EndProject
Project("{2150E333-8FDC-42A3-9474-1A3956D46DE8}") = "task3", "task3", "{BC8CC25E-7647-475F-949D-1DC9F011ECE0}"
EndProject
Project("{FAE04EC0-301F-11D3-BF4B-00C04F79EFBC}") = "tyuiu.kordonkd.sprint0.task3.v0", "tyuiu.kordonkd.sprint0.task3.v0\tyuiu.kordonkd.sprint0.task3.v0.csproj", "{1D07C14B-3A94-4347-95F6-D4CDD26AFAC9}"
EndProject
Project("{FAE04EC0-301F-11D3-BF4B-00C04F79EFBC}") = "tyuiu.kordonkd.sprint0.task3.v0.lib", "tyuiu.kordonkd.sprint0.task3.v0.lib\tyuiu.kordonkd.sprint0.task3.v0.lib.csproj", "{9F088992-1CB6-41E5-9D6A-AB45D7538E53}"
EndProject
Project("{FAE04EC0-301F-11D3-BF4B-00C04F79EFBC}") = "tyuiu.kordonkd.sprint0.task3.v0.test", "tyuiu.kordonkd.sprint0.task3.v0.test\tyuiu.kordonkd.sprint0.task3.v0.test.csproj", "{0ADDE5D0-FEBB-4902-B026-D17BFE9C4E28}"
EndProject
Project("{2150E333-8FDC-42A3-9474-1A3956D46DE8}") = "task4", "task4", "{B50D6411-7019-4873-A016-00D185D70815}"
EndProject
Project("{FAE04EC0-301F-11D3-BF4B-00C04F79EFBC}") = "tyuiu.kordonkd.sprint0.task4.v0", "tyuiu.kordonkd.sprint0.task4.v0\tyuiu.kordonkd.sprint0.task4.v0.csproj", "{A3A3B8DD-7A87-4020-9E93-2F41AE2629B0}"
EndProject
Project("{FAE04EC0-301F-11D3-BF4B-00C04F79EFBC}") = "tyuiu.kordonkd.sprint0.task4.v0.lib", "tyuiu.kordonkd.sprint0.task4.v0.lib\tyuiu.kordonkd.sprint0.task4.v0.lib.csproj", "{0156AC2D-7518-4D6C-944F-B9CB6321931B}"
EndProject
Project("{FAE04EC0-301F-11D3-BF4B-00C04F79EFBC}") = "tyuiu.kordonkd.sprint0.task4.v0.test", "tyuiu.kordonkd.sprint0.task4.v0.test\tyuiu.kordonkd.sprint0.task4.v0.test.csproj", "{39782C8D-C405-495B-9D7B-0F6E71E3CC31}"
EndProject
Project("{2150E333-8FDC-42A3-9474-1A3956D46DE8}") = "task5", "task5", "{608EDF35-BB7E-4CC2-BCFA-FB326C50D6DB}"
EndProject
Project("{FAE04EC0-301F-11D3-BF4B-00C04F79EFBC}") = "tyuiu.kordonkd.sprint0.task5.v0", "tyuiu.kordonkd.sprint0.task5.v0\tyuiu.kordonkd.sprint0.task5.v0.csproj", "{87379649-675E-428B-A856-8ECDF37887C9}"
EndProject
Project("{FAE04EC0-301F-11D3-BF4B-00C04F79EFBC}") = "tyuiu.kordonkd.sprint0.task5.v0.lib", "tyuiu.kordonkd.sprint0.task5.v0.lib\tyuiu.kordonkd.sprint0.task5.v0.lib.csproj", "{B9322AC0-1015-4368-8A88-3FAB9EF30BDC}"
EndProject
Project("{FAE04EC0-301F-11D3-BF4B-00C04F79EFBC}") = "tyuiu.kordonkd.sprint0.task5.v0.test", "tyuiu.kordonkd.sprint0.task5.v0.test\tyuiu.kordonkd.sprint0.task5.v0.test.csproj", "{7D721437-C0DC-4133-9A0F-A33A08C05364}"
EndProject
Project("{2150E333-8FDC-42A3-9474-1A3956D46DE8}") = "task6", "task6", "{EDF26CB6-4158-4FB7-9615-B7DE12297F6D}"
EndProject
Project("{FAE04EC0-301F-11D3-BF4B-00C04F79EFBC}") = "tyuiu.kordonkd.sprint0.task6.v0", "tyuiu.kordonkd.sprint0.task6.v0\tyuiu.kordonkd.sprint0.task6.v0.csproj", "{9DB916AE-B543-481B-825B-345DD7C9B67D}"
EndProject
Project("{FAE04EC0-301F-11D3-BF4B-00C04F79EFBC}") = "tyuiu.kordonkd.sprint0.task6.v0.lib", "tyuiu.kordonkd.sprint0.task6.v0.lib\tyuiu.kordonkd.sprint0.task6.v0.lib.csproj", "{7D332FCC-1F9D-4774-A99F-F0E99B214AE6}"
EndProject
Project("{FAE04EC0-301F-11D3-BF4B-00C04F79EFBC}") = "tyuiu.kordonkd.sprint0.task6.v0.test", "tyuiu.kordonkd.sprint0.task6.v0.test\tyuiu.kordonkd.sprint0.task6.v0.test.csproj", "{7C2F31AF-BA31-4763-976C-BC5BE1740B9A}"
EndProject
Project("{2150E333-8FDC-42A3-9474-1A3956D46DE8}") = "task7", "task7", "{D0560212-CDEE-41DF-8CB0-38297E8CF257}"
EndProject
Project("{FAE04EC0-301F-11D3-BF4B-00C04F79EFBC}") = "tyuiu.kordonkd.sprint0.task7.v0", "tyuiu.kordonkd.sprint0.task7.v0\tyuiu.kordonkd.sprint0.task7.v0.csproj", "{1A868238-B28E-4754-99AA-10D521434087}"
EndProject
Project("{FAE04EC0-301F-11D3-BF4B-00C04F79EFBC}") = "tyuiu.kordonkd.sprint0.task7.v0.lib", "tyuiu.kordonkd.sprint0.task7.v0.lib\tyuiu.kordonkd.sprint0.task7.v0.lib.csproj", "{4FC8303D-8C38-475F-8BE6-247137227EA5}"
EndProject
Project("{FAE04EC0-301F-11D3-BF4B-00C04F79EFBC}") = "tyuiu.kordonkd.sprint0.task7.v0.test", "tyuiu.kordonkd.sprint0.task7.v0.test\tyuiu.kordonkd.sprint0.task7.v0.test.csproj", "{E20E2C7E-5019-46EB-9067-980CD8CDF0BC}"
EndProject
Global
	GlobalSection(SolutionConfigurationPlatforms) = preSolution
		Debug|Any CPU = Debug|Any CPU
		Release|Any CPU = Release|Any CPU
	EndGlobalSection
	GlobalSection(ProjectConfigurationPlatforms) = postSolution
		{C1BA9774-497D-4271-9704-BC18EE10DCA4}.Debug|Any CPU.ActiveCfg = Debug|Any CPU
		{C1BA9774-497D-4271-9704-BC18EE10DCA4}.Debug|Any CPU.Build.0 = Debug|Any CPU
		{C1BA9774-497D-4271-9704-BC18EE10DCA4}.Release|Any CPU.ActiveCfg = Release|Any CPU
		{C1BA9774-497D-4271-9704-BC18EE10DCA4}.Release|Any CPU.Build.0 = Release|Any CPU
		{E1FAEE84-71F6-4AE2-A0FB-5FF68CEDE017}.Debug|Any CPU.ActiveCfg = Debug|Any CPU
		{E1FAEE84-71F6-4AE2-A0FB-5FF68CEDE017}.Debug|Any CPU.Build.0 = Debug|Any CPU
		{E1FAEE84-71F6-4AE2-A0FB-5FF68CEDE017}.Release|Any CPU.ActiveCfg = Release|Any CPU
		{E1FAEE84-71F6-4AE2-A0FB-5FF68CEDE017}.Release|Any CPU.Build.0 = Release|Any CPU
		{7A3D1827-F5FE-4B05-9FFE-00011E04C8BC}.Debug|Any CPU.ActiveCfg = Debug|Any CPU
		{7A3D1827-F5FE-4B05-9FFE-00011E04C8BC}.Debug|Any CPU.Build.0 = Debug|Any CPU
		{7A3D1827-F5FE-4B05-9FFE-00011E04C8BC}.Release|Any CPU.ActiveCfg = Release|Any CPU
		{7A3D1827-F5FE-4B05-9FFE-00011E04C8BC}.Release|Any CPU.Build.0 = Release|Any CPU
		{552FA080-8140-4C7D-BDD9-27FDCA82BC9E}.Debug|Any CPU.ActiveCfg = Debug|Any CPU
		{552FA080-8140-4C7D-BDD9-27FDCA82BC9E}.Debug|Any CPU.Build.0 = Debug|Any CPU
		{552FA080-8140-4C7D-BDD9-27FDCA82BC9E}.Release|Any CPU.ActiveCfg = Release|Any CPU
		{552FA080-8140-4C7D-BDD9-27FDCA82BC9E}.Release|Any CPU.Build.0 = Release|Any CPU
		{226C6D49-339C-4E16-A3B5-6D876BBB2DB8}.Debug|Any CPU.ActiveCfg = Debug|Any CPU
		{226C6D49-339C-4E16-A3B5-6D876BBB2DB8}.Debug|Any CPU.Build.0 = Debug|Any CPU
		{226C6D49-339C-4E16-A3B5-6D876BBB2DB8}.Release|Any CPU.ActiveCfg = Release|Any CPU
		{226C6D49-339C-4E16-A3B5-6D876BBB2DB8}.Release|Any CPU.Build.0 = Release|Any CPU
		{1D07C14B-3A94-4347-95F6-D4CDD26AFAC9}.Debug|Any CPU.ActiveCfg = Debug|Any CPU
		{1D07C14B-3A94-4347-95F6-D4CDD26AFAC9}.Debug|Any CPU.Build.0 = Debug|Any CPU
		{1D07C14B-3A94-4347-95F6-D4CDD26AFAC9}.Release|Any CPU.ActiveCfg = Release|Any CPU
		{1D07C14B-3A94-4347-95F6-D4CDD26AFAC9}.Release|Any CPU.Build.0 = Release|Any CPU
		{9F088992-1CB6-41E5-9D6A-AB45D7538E53}.Debug|Any CPU.ActiveCfg = Debug|Any CPU
		{9F088992-1CB6-41E5-9D6A-AB45D7538E53}.Debug|Any CPU.Build.0 = Debug|Any CPU
		{9F088992-1CB6-41E5-9D6A-AB45D7538E53}.Release|Any CPU.ActiveCfg = Release|Any CPU
		{9F088992-1CB6-41E5-9D6A-AB45D7538E53}.Release|Any CPU.Build.0 = Release|Any CPU
		{0ADDE5D0-FEBB-4902-B026-D17BFE9C4E28}.Debug|Any CPU.ActiveCfg = Debug|Any CPU
		{0ADDE5D0-FEBB-4902-B026-D17BFE9C4E28}.Debug|Any CPU.Build.0 = Debug|Any CPU
		{0ADDE5D0-FEBB-4902-B026-D17BFE9C4E28}.Release|Any CPU.ActiveCfg = Release|Any CPU
		{0ADDE5D0-FEBB-4902-B026-D17BFE9C4E28}.Release|Any CPU.Build.0 = Release|Any CPU
		{A3A3B8DD-7A87-4020-9E93-2F41AE2629B0}.Debug|Any CPU.ActiveCfg = Debug|Any CPU
		{A3A3B8DD-7A87-4020-9E93-2F41AE2629B0}.Debug|Any CPU.Build.0 = Debug|Any CPU
		{A3A3B8DD-7A87-4020-9E93-2F41AE2629B0}.Release|Any CPU.ActiveCfg = Release|Any CPU
		{A3A3B8DD-7A87-4020-9E93-2F41AE2629B0}.Release|Any CPU.Build.0 = Release|Any CPU
		{0156AC2D-7518-4D6C-944F-B9CB6321931B}.Debug|Any CPU.ActiveCfg = Debug|Any CPU
		{0156AC2D-7518-4D6C-944F-B9CB6321931B}.Debug|Any CPU.Build.0 = Debug|Any CPU
		{0156AC2D-7518-4D6C-944F-B9CB6321931B}.Release|Any CPU.ActiveCfg = Release|Any CPU
		{0156AC2D-7518-4D6C-944F-B9CB6321931B}.Release|Any CPU.Build.0 = Release|Any CPU
		{39782C8D-C405-495B-9D7B-0F6E71E3CC31}.Debug|Any CPU.ActiveCfg = Debug|Any CPU
		{39782C8D-C405-495B-9D7B-0F6E71E3CC31}.Debug|Any CPU.Build.0 = Debug|Any CPU
		{39782C8D-C405-495B-9D7B-0F6E71E3CC31}.Release|Any CPU.ActiveCfg = Release|Any CPU
		{39782C8D-C405-495B-9D7B-0F6E71E3CC31}.Release|Any CPU.Build.0 = Release|Any CPU
		{87379649-675E-428B-A856-8ECDF37887C9}.Debug|Any CPU.ActiveCfg = Debug|Any CPU
		{87379649-675E-428B-A856-8ECDF37887C9}.Debug|Any CPU.Build.0 = Debug|Any CPU
		{87379649-675E-428B-A856-8ECDF37887C9}.Release|Any CPU.ActiveCfg = Release|Any CPU
		{87379649-675E-428B-A856-8ECDF37887C9}.Release|Any CPU.Build.0 = Release|Any CPU
		{B9322AC0-1015-4368-8A88-3FAB9EF30BDC}.Debug|Any CPU.ActiveCfg = Debug|Any CPU
		{B9322AC0-1015-4368-8A88-3FAB9EF30BDC}.Debug|Any CPU.Build.0 = Debug|Any CPU
		{B9322AC0-1015-4368-8A88-3FAB9EF30BDC}.Release|Any CPU.ActiveCfg = Release|Any CPU
		{B9322AC0-1015-4368-8A88-3FAB9EF30BDC}.Release|Any CPU.Build.0 = Release|Any CPU
		{7D721437-C0DC-4133-9A0F-A33A08C05364}.Debug|Any CPU.ActiveCfg = Debug|Any CPU
		{7D721437-C0DC-4133-9A0F-A33A08C05364}.Debug|Any CPU.Build.0 = Debug|Any CPU
		{7D721437-C0DC-4133-9A0F-A33A08C05364}.Release|Any CPU.ActiveCfg = Release|Any CPU
		{7D721437-C0DC-4133-9A0F-A33A08C05364}.Release|Any CPU.Build.0 = Release|Any CPU
		{9DB916AE-B543-481B-825B-345DD7C9B67D}.Debug|Any CPU.ActiveCfg = Debug|Any CPU
		{9DB916AE-B543-481B-825B-345DD7C9B67D}.Debug|Any CPU.Build.0 = Debug|Any CPU
		{9DB916AE-B543-481B-825B-345DD7C9B67D}.Release|Any CPU.ActiveCfg = Release|Any CPU
		{9DB916AE-B543-481B-825B-345DD7C9B67D}.Release|Any CPU.Build.0 = Release|Any CPU
		{7D332FCC-1F9D-4774-A99F-F0E99B214AE6}.Debug|Any CPU.ActiveCfg = Debug|Any CPU
		{7D332FCC-1F9D-4774-A99F-F0E99B214AE6}.Debug|Any CPU.Build.0 = Debug|Any CPU
		{7D332FCC-1F9D-4774-A99F-F0E99B214AE6}.Release|Any CPU.ActiveCfg = Release|Any CPU
		{7D332FCC-1F9D-4774-A99F-F0E99B214AE6}.Release|Any CPU.Build.0 = Release|Any CPU
		{7C2F31AF-BA31-4763-976C-BC5BE1740B9A}.Debug|Any CPU.ActiveCfg = Debug|Any CPU
		{7C2F31AF-BA31-4763-976C-BC5BE1740B9A}.Debug|Any CPU.Build.0 = Debug|Any CPU
		{7C2F31AF-BA31-4763-976C-BC5BE1740B9A}.Release|Any CPU.ActiveCfg = Release|Any CPU
		{7C2F31AF-BA31-4763-976C-BC5BE1740B9A}.Release|Any CPU.Build.0 = Release|Any CPU
		{1A868238-B28E-4754-99AA-10D521434087}.Debug|Any CPU.ActiveCfg = Debug|Any CPU
		{1A868238-B28E-4754-99AA-10D521434087}.Debug|Any CPU.Build.0 = Debug|Any CPU
		{1A868238-B28E-4754-99AA-10D521434087}.Release|Any CPU.ActiveCfg = Release|Any CPU
		{1A868238-B28E-4754-99AA-10D521434087}.Release|Any CPU.Build.0 = Release|Any CPU
		{4FC8303D-8C38-475F-8BE6-247137227EA5}.Debug|Any CPU.ActiveCfg = Debug|Any CPU
		{4FC8303D-8C38-475F-8BE6-247137227EA5}.Debug|Any CPU.Build.0 = Debug|Any CPU
		{4FC8303D-8C38-475F-8BE6-247137227EA5}.Release|Any CPU.ActiveCfg = Release|Any CPU
		{4FC8303D-8C38-475F-8BE6-247137227EA5}.Release|Any CPU.Build.0 = Release|Any CPU
		{E20E2C7E-5019-46EB-9067-980CD8CDF0BC}.Debug|Any CPU.ActiveCfg = Debug|Any CPU
		{E20E2C7E-5019-46EB-9067-980CD8CDF0BC}.Debug|Any CPU.Build.0 = Debug|Any CPU
		{E20E2C7E-5019-46EB-9067-980CD8CDF0BC}.Release|Any CPU.ActiveCfg = Release|Any CPU
		{E20E2C7E-5019-46EB-9067-980CD8CDF0BC}.Release|Any CPU.Build.0 = Release|Any CPU
	EndGlobalSection
	GlobalSection(SolutionProperties) = preSolution
		HideSolutionNode = FALSE
	EndGlobalSection
	GlobalSection(NestedProjects) = preSolution
		{C1BA9774-497D-4271-9704-BC18EE10DCA4} = {0E153D29-25B7-4BED-BA14-44DAB3A6F5C4}
		{E1FAEE84-71F6-4AE2-A0FB-5FF68CEDE017} = {C97111E6-759C-436D-9F82-951562E27219}
		{7A3D1827-F5FE-4B05-9FFE-00011E04C8BC} = {9A0F572A-B99A-40AA-A4DD-70135105240D}
		{552FA080-8140-4C7D-BDD9-27FDCA82BC9E} = {9A0F572A-B99A-40AA-A4DD-70135105240D}
		{226C6D49-339C-4E16-A3B5-6D876BBB2DB8} = {9A0F572A-B99A-40AA-A4DD-70135105240D}
		{1D07C14B-3A94-4347-95F6-D4CDD26AFAC9} = {BC8CC25E-7647-475F-949D-1DC9F011ECE0}
		{9F088992-1CB6-41E5-9D6A-AB45D7538E53} = {BC8CC25E-7647-475F-949D-1DC9F011ECE0}
		{0ADDE5D0-FEBB-4902-B026-D17BFE9C4E28} = {BC8CC25E-7647-475F-949D-1DC9F011ECE0}
		{A3A3B8DD-7A87-4020-9E93-2F41AE2629B0} = {B50D6411-7019-4873-A016-00D185D70815}
		{0156AC2D-7518-4D6C-944F-B9CB6321931B} = {B50D6411-7019-4873-A016-00D185D70815}
		{39782C8D-C405-495B-9D7B-0F6E71E3CC31} = {B50D6411-7019-4873-A016-00D185D70815}
		{87379649-675E-428B-A856-8ECDF37887C9} = {608EDF35-BB7E-4CC2-BCFA-FB326C50D6DB}
		{B9322AC0-1015-4368-8A88-3FAB9EF30BDC} = {608EDF35-BB7E-4CC2-BCFA-FB326C50D6DB}
		{7D721437-C0DC-4133-9A0F-A33A08C05364} = {608EDF35-BB7E-4CC2-BCFA-FB326C50D6DB}
		{9DB916AE-B543-481B-825B-345DD7C9B67D} = {EDF26CB6-4158-4FB7-9615-B7DE12297F6D}
		{7D332FCC-1F9D-4774-A99F-F0E99B214AE6} = {EDF26CB6-4158-4FB7-9615-B7DE12297F6D}
		{7C2F31AF-BA31-4763-976C-BC5BE1740B9A} = {EDF26CB6-4158-4FB7-9615-B7DE12297F6D}
		{1A868238-B28E-4754-99AA-10D521434087} = {D0560212-CDEE-41DF-8CB0-38297E8CF257}
		{4FC8303D-8C38-475F-8BE6-247137227EA5} = {D0560212-CDEE-41DF-8CB0-38297E8CF257}
		{E20E2C7E-5019-46EB-9067-980CD8CDF0BC} = {D0560212-CDEE-41DF-8CB0-38297E8CF257}
	EndGlobalSection
	GlobalSection(ExtensibilityGlobals) = postSolution
		SolutionGuid = {BA3A1F8B-2740-408E-9FFD-D05E9415B56F}
	EndGlobalSection
EndGlobal
