
Microsoft Visual Studio Solution File, Format Version 12.00
# Visual Studio Version 17
VisualStudioVersion = 17.11.35312.102
MinimumVisualStudioVersion = 10.0.40219.1
Project("{2150E333-8FDC-42A3-9474-1A3956D46DE8}") = "task0", "task0", "{0E153D29-25B7-4BED-BA14-44DAB3A6F5C4}"
EndProject
Project("{FAE04EC0-301F-11D3-BF4B-00C04F79EFBC}") = "tyuiu.kordonkd.sprint0.task0.v0", "tyuiu.kordonkd.sprint0.task0.v0\tyuiu.kordonkd.sprint0.task0.v0.csproj", "{C1BA9774-497D-4271-9704-BC18EE10DCA4}"
EndProject
Project("{2150E333-8FDC-42A3-9474-1A3956D46DE8}") = "task1", "task1", "{C97111E6-759C-436D-9F82-951562E27219}"
EndProject
Project("{FAE04EC0-301F-11D3-BF4B-00C04F79EFBC}") = "tyuiu.kordonkd.sprint0.task1.v0", "tyuiu.kordonkd.sprint0.task1.v0\tyuiu.kordonkd.sprint0.task1.v0.csproj", "{E1FAEE84-71F6-4AE2-A0FB-5FF68CEDE017}"
EndProject
Global
	GlobalSection(SolutionConfigurationPlatforms) = preSolution
		Debug|Any CPU = Debug|Any CPU
		Release|Any CPU = Release|Any CPU
	EndGlobalSection
	GlobalSection(ProjectConfigurationPlatforms) = postSolution
		{C1BA9774-497D-4271-9704-BC18EE10DCA4}.Debug|Any CPU.ActiveCfg = Debug|Any CPU
		{C1BA9774-497D-4271-9704-BC18EE10DCA4}.Debug|Any CPU.Build.0 = Debug|Any CPU
		{C1BA9774-497D-4271-9704-BC18EE10DCA4}.Release|Any CPU.ActiveCfg = Release|Any CPU
		{C1BA9774-497D-4271-9704-BC18EE10DCA4}.Release|Any CPU.Build.0 = Release|Any CPU
		{E1FAEE84-71F6-4AE2-A0FB-5FF68CEDE017}.Debug|Any CPU.ActiveCfg = Debug|Any CPU
		{E1FAEE84-71F6-4AE2-A0FB-5FF68CEDE017}.Debug|Any CPU.Build.0 = Debug|Any CPU
		{E1FAEE84-71F6-4AE2-A0FB-5FF68CEDE017}.Release|Any CPU.ActiveCfg = Release|Any CPU
		{E1FAEE84-71F6-4AE2-A0FB-5FF68CEDE017}.Release|Any CPU.Build.0 = Release|Any CPU
	EndGlobalSection
	GlobalSection(SolutionProperties) = preSolution
		HideSolutionNode = FALSE
	EndGlobalSection
	GlobalSection(NestedProjects) = preSolution
		{C1BA9774-497D-4271-9704-BC18EE10DCA4} = {0E153D29-25B7-4BED-BA14-44DAB3A6F5C4}
		{E1FAEE84-71F6-4AE2-A0FB-5FF68CEDE017} = {C97111E6-759C-436D-9F82-951562E27219}
	EndGlobalSection
	GlobalSection(ExtensibilityGlobals) = postSolution
		SolutionGuid = {BA3A1F8B-2740-408E-9FFD-D05E9415B56F}
	EndGlobalSection
EndGlobal
