
Microsoft Visual Studio Solution File, Format Version 12.00
# Visual Studio Version 17
VisualStudioVersion = 17.11.35312.102
MinimumVisualStudioVersion = 10.0.40219.1
Project("{2150E333-8FDC-42A3-9474-1A3956D46DE8}") = "task0", "task0", "{451C8540-CEEA-4D4A-B754-AAA3CCFE511A}"
EndProject
Project("{FAE04EC0-301F-11D3-BF4B-00C04F79EFBC}") = "Tyuiu.KordonKD.Sprint0.Task0.V0", "Tyuiu.KordonKD.Sprint0.Task0.V0\Tyuiu.KordonKD.Sprint0.Task0.V0.csproj", "{0854A1AF-58C4-4C15-92EC-FAC5C0F378BE}"
EndProject
Global
	GlobalSection(SolutionConfigurationPlatforms) = preSolution
		Debug|Any CPU = Debug|Any CPU
		Release|Any CPU = Release|Any CPU
	EndGlobalSection
	GlobalSection(ProjectConfigurationPlatforms) = postSolution
		{0854A1AF-58C4-4C15-92EC-FAC5C0F378BE}.Debug|Any CPU.ActiveCfg = Debug|Any CPU
		{0854A1AF-58C4-4C15-92EC-FAC5C0F378BE}.Debug|Any CPU.Build.0 = Debug|Any CPU
		{0854A1AF-58C4-4C15-92EC-FAC5C0F378BE}.Release|Any CPU.ActiveCfg = Release|Any CPU
		{0854A1AF-58C4-4C15-92EC-FAC5C0F378BE}.Release|Any CPU.Build.0 = Release|Any CPU
	EndGlobalSection
	GlobalSection(SolutionProperties) = preSolution
		HideSolutionNode = FALSE
	EndGlobalSection
	GlobalSection(NestedProjects) = preSolution
		{0854A1AF-58C4-4C15-92EC-FAC5C0F378BE} = {451C8540-CEEA-4D4A-B754-AAA3CCFE511A}
	EndGlobalSection
	GlobalSection(ExtensibilityGlobals) = postSolution
		SolutionGuid = {3A69F7F5-F5F5-4C9C-A628-93769F3B44CF}
	EndGlobalSection
EndGlobal
